<?xml version="1.0" encoding="utf-8"?>
<Project ToolsVersion="4.0" xmlns="http://schemas.microsoft.com/developer/msbuild/2003">
  <ItemGroup>
    <Filter Include="Gamecode">
      <UniqueIdentifier>{4FC737F1-C7A5-4376-A066-2A32D752A2FF}</UniqueIdentifier>
      <Extensions>cpp;c;cc;cxx;def;odl;idl;hpj;bat;asm;asmx</Extensions>
    </Filter>
    <Filter Include="Framework">
      <UniqueIdentifier>{4846de2c-171c-494d-84e0-a0f4b4ca698a}</UniqueIdentifier>
    </Filter>
    <Filter Include="Projectiles">
      <UniqueIdentifier>{9b0261d8-228a-41ba-b0fd-1106f947441f}</UniqueIdentifier>
    </Filter>
  </ItemGroup>
  <ItemGroup>
    <ClCompile Include="Main.cpp">
      <Filter>Gamecode</Filter>
    </ClCompile>
    <ClCompile Include="Player.cpp">
      <Filter>Gamecode</Filter>
    </ClCompile>
    <ClCompile Include="Framework\Animation.cpp">
      <Filter>Framework</Filter>
    </ClCompile>
    <ClCompile Include="Framework\AnimationSystem.cpp">
      <Filter>Framework</Filter>
    </ClCompile>
    <ClCompile Include="Framework\AssetManager.cpp">
      <Filter>Framework</Filter>
    </ClCompile>
    <ClCompile Include="Framework\GameObject.cpp">
      <Filter>Framework</Filter>
    </ClCompile>
    <ClCompile Include="Framework\SpriteObject.cpp">
      <Filter>Framework</Filter>
    </ClCompile>
    <ClCompile Include="Framework\TextObject.cpp">
      <Filter>Framework</Filter>
    </ClCompile>
    <ClCompile Include="MovingObject.cpp">
      <Filter>Gamecode</Filter>
    </ClCompile>
    <ClCompile Include="Asteroid.cpp">
      <Filter>Gamecode</Filter>
    </ClCompile>
    <ClCompile Include="AsteroidBelt.cpp">
      <Filter>Gamecode</Filter>
    </ClCompile>
    <ClCompile Include="Enemy.cpp">
      <Filter>Gamecode</Filter>
    </ClCompile>
    <ClCompile Include="Persuit.cpp">
      <Filter>Gamecode</Filter>
    </ClCompile>
    <ClCompile Include="SpaceDisplcer.cpp">
      <Filter>Gamecode</Filter>
    </ClCompile>
    <ClCompile Include="UIelements.cpp">
      <Filter>Gamecode</Filter>
    </ClCompile>
    <ClCompile Include="Torpedo.cpp">
      <Filter>Projectiles</Filter>
    </ClCompile>
    <ClCompile Include="Pickups.cpp">
      <Filter>Gamecode</Filter>
    </ClCompile>
  </ItemGroup>
  <ItemGroup>
    <ClInclude Include="Player.h">
      <Filter>Gamecode</Filter>
    </ClInclude>
    <ClInclude Include="Framework\Animation.h">
      <Filter>Framework</Filter>
    </ClInclude>
    <ClInclude Include="Framework\AnimationSystem.h">
      <Filter>Framework</Filter>
    </ClInclude>
    <ClInclude Include="Framework\AssetManager.h">
      <Filter>Framework</Filter>
    </ClInclude>
    <ClInclude Include="Framework\GameObject.h">
      <Filter>Framework</Filter>
    </ClInclude>
    <ClInclude Include="Framework\TextObject.h">
      <Filter>Framework</Filter>
    </ClInclude>
    <ClInclude Include="MovingObject.h">
      <Filter>Gamecode</Filter>
    </ClInclude>
    <ClInclude Include="Asteroid.h">
      <Filter>Gamecode</Filter>
    </ClInclude>
    <ClInclude Include="Enemy.h">
      <Filter>Gamecode</Filter>
    </ClInclude>
    <ClInclude Include="Framework\SpriteObject.h">
      <Filter>Framework</Filter>
    </ClInclude>
    <ClInclude Include="AsteroidBelt.h">
      <Filter>Gamecode</Filter>
    </ClInclude>
    <ClInclude Include="Persuit.h">
      <Filter>Gamecode</Filter>
    </ClInclude>
    <ClInclude Include="SpaceDisplacer.h">
      <Filter>Gamecode</Filter>
    </ClInclude>
    <ClInclude Include="UIelements.h">
      <Filter>Gamecode</Filter>
    </ClInclude>
    <ClInclude Include="EnemyFire.h">
      <Filter>Gamecode</Filter>
    </ClInclude>
    <ClInclude Include="Torpedo.h">
      <Filter>Projectiles</Filter>
    </ClInclude>
    <ClInclude Include="Pickups.h">
      <Filter>Gamecode</Filter>
    </ClInclude>
  </ItemGroup>
</Project>